// !$*UTF8*$!
{
	archiveVersion = 1;
	classes = {
	};
	objectVersion = 46;
	objects = {

/* Begin PBXBuildFile section */
		2B6D40091F2F6B1D00BC0C11 /* AppDelegate.swift in Sources */ = {isa = PBXBuildFile; fileRef = 2B6D40081F2F6B1D00BC0C11 /* AppDelegate.swift */; };
		2B6D400B1F2F6B1D00BC0C11 /* ViewController.swift in Sources */ = {isa = PBXBuildFile; fileRef = 2B6D400A1F2F6B1D00BC0C11 /* ViewController.swift */; };
		2B6D400E1F2F6B1D00BC0C11 /* Main.storyboard in Resources */ = {isa = PBXBuildFile; fileRef = 2B6D400C1F2F6B1D00BC0C11 /* Main.storyboard */; };
		2B6D40101F2F6B1D00BC0C11 /* Assets.xcassets in Resources */ = {isa = PBXBuildFile; fileRef = 2B6D400F1F2F6B1D00BC0C11 /* Assets.xcassets */; };
		2B6D40131F2F6B1D00BC0C11 /* LaunchScreen.storyboard in Resources */ = {isa = PBXBuildFile; fileRef = 2B6D40111F2F6B1D00BC0C11 /* LaunchScreen.storyboard */; };
		2B6D401E1F2F6B1D00BC0C11 /* beachvolleyballTests.swift in Sources */ = {isa = PBXBuildFile; fileRef = 2B6D401D1F2F6B1D00BC0C11 /* beachvolleyballTests.swift */; };
		2B6D40291F2F6B1D00BC0C11 /* beachvolleyballUITests.swift in Sources */ = {isa = PBXBuildFile; fileRef = 2B6D40281F2F6B1D00BC0C11 /* beachvolleyballUITests.swift */; };
		2B6D402E1F2F6B1D00BC0C11 /* beachvolleyball WatchKit App.app in Embed Watch Content */ = {isa = PBXBuildFile; fileRef = 2B6D402D1F2F6B1D00BC0C11 /* beachvolleyball WatchKit App.app */; };
		2B6D40341F2F6B1D00BC0C11 /* Interface.storyboard in Resources */ = {isa = PBXBuildFile; fileRef = 2B6D40321F2F6B1D00BC0C11 /* Interface.storyboard */; };
		2B6D40361F2F6B1D00BC0C11 /* Assets.xcassets in Resources */ = {isa = PBXBuildFile; fileRef = 2B6D40351F2F6B1D00BC0C11 /* Assets.xcassets */; };
		2B6D403D1F2F6B1D00BC0C11 /* beachvolleyball WatchKit Extension.appex in Embed App Extensions */ = {isa = PBXBuildFile; fileRef = 2B6D403C1F2F6B1D00BC0C11 /* beachvolleyball WatchKit Extension.appex */; settings = {ATTRIBUTES = (RemoveHeadersOnCopy, ); }; };
		2B6D40441F2F6B1D00BC0C11 /* InterfaceController.swift in Sources */ = {isa = PBXBuildFile; fileRef = 2B6D40431F2F6B1D00BC0C11 /* InterfaceController.swift */; };
		2B6D40461F2F6B1D00BC0C11 /* ExtensionDelegate.swift in Sources */ = {isa = PBXBuildFile; fileRef = 2B6D40451F2F6B1D00BC0C11 /* ExtensionDelegate.swift */; };
		2B6D40481F2F6B1D00BC0C11 /* NotificationController.swift in Sources */ = {isa = PBXBuildFile; fileRef = 2B6D40471F2F6B1D00BC0C11 /* NotificationController.swift */; };
		2B6D404A1F2F6B1D00BC0C11 /* Assets.xcassets in Resources */ = {isa = PBXBuildFile; fileRef = 2B6D40491F2F6B1D00BC0C11 /* Assets.xcassets */; };
		2B6D40621F2FEE4800BC0C11 /* AppIcon.appiconset in Resources */ = {isa = PBXBuildFile; fileRef = 2B6D40611F2FEE4800BC0C11 /* AppIcon.appiconset */; };
/* End PBXBuildFile section */

/* Begin PBXContainerItemProxy section */
		2B6D401A1F2F6B1D00BC0C11 /* PBXContainerItemProxy */ = {
			isa = PBXContainerItemProxy;
			containerPortal = 2B6D3FFD1F2F6B1D00BC0C11 /* Project object */;
			proxyType = 1;
			remoteGlobalIDString = 2B6D40041F2F6B1D00BC0C11;
			remoteInfo = beachvolleyball;
		};
		2B6D40251F2F6B1D00BC0C11 /* PBXContainerItemProxy */ = {
			isa = PBXContainerItemProxy;
			containerPortal = 2B6D3FFD1F2F6B1D00BC0C11 /* Project object */;
			proxyType = 1;
			remoteGlobalIDString = 2B6D40041F2F6B1D00BC0C11;
			remoteInfo = beachvolleyball;
		};
		2B6D402F1F2F6B1D00BC0C11 /* PBXContainerItemProxy */ = {
			isa = PBXContainerItemProxy;
			containerPortal = 2B6D3FFD1F2F6B1D00BC0C11 /* Project object */;
			proxyType = 1;
			remoteGlobalIDString = 2B6D402C1F2F6B1D00BC0C11;
			remoteInfo = "beachvolleyball WatchKit App";
		};
		2B6D403E1F2F6B1D00BC0C11 /* PBXContainerItemProxy */ = {
			isa = PBXContainerItemProxy;
			containerPortal = 2B6D3FFD1F2F6B1D00BC0C11 /* Project object */;
			proxyType = 1;
			remoteGlobalIDString = 2B6D403B1F2F6B1D00BC0C11;
			remoteInfo = "beachvolleyball WatchKit Extension";
		};
/* End PBXContainerItemProxy section */

/* Begin PBXCopyFilesBuildPhase section */
		2B6D40511F2F6B1D00BC0C11 /* Embed App Extensions */ = {
			isa = PBXCopyFilesBuildPhase;
			buildActionMask = 2147483647;
			dstPath = "";
			dstSubfolderSpec = 13;
			files = (
				2B6D403D1F2F6B1D00BC0C11 /* beachvolleyball WatchKit Extension.appex in Embed App Extensions */,
			);
			name = "Embed App Extensions";
			runOnlyForDeploymentPostprocessing = 0;
		};
		2B6D40551F2F6B1D00BC0C11 /* Embed Watch Content */ = {
			isa = PBXCopyFilesBuildPhase;
			buildActionMask = 2147483647;
			dstPath = "$(CONTENTS_FOLDER_PATH)/Watch";
			dstSubfolderSpec = 16;
			files = (
				2B6D402E1F2F6B1D00BC0C11 /* beachvolleyball WatchKit App.app in Embed Watch Content */,
			);
			name = "Embed Watch Content";
			runOnlyForDeploymentPostprocessing = 0;
		};
/* End PBXCopyFilesBuildPhase section */

/* Begin PBXFileReference section */
		2B6D40051F2F6B1D00BC0C11 /* beachvolleyball.app */ = {isa = PBXFileReference; explicitFileType = wrapper.application; includeInIndex = 0; path = beachvolleyball.app; sourceTree = BUILT_PRODUCTS_DIR; };
		2B6D40081F2F6B1D00BC0C11 /* AppDelegate.swift */ = {isa = PBXFileReference; lastKnownFileType = sourcecode.swift; path = AppDelegate.swift; sourceTree = "<group>"; };
		2B6D400A1F2F6B1D00BC0C11 /* ViewController.swift */ = {isa = PBXFileReference; lastKnownFileType = sourcecode.swift; path = ViewController.swift; sourceTree = "<group>"; };
		2B6D400D1F2F6B1D00BC0C11 /* Base */ = {isa = PBXFileReference; lastKnownFileType = file.storyboard; name = Base; path = Base.lproj/Main.storyboard; sourceTree = "<group>"; };
		2B6D400F1F2F6B1D00BC0C11 /* Assets.xcassets */ = {isa = PBXFileReference; lastKnownFileType = folder.assetcatalog; path = Assets.xcassets; sourceTree = "<group>"; };
		2B6D40121F2F6B1D00BC0C11 /* Base */ = {isa = PBXFileReference; lastKnownFileType = file.storyboard; name = Base; path = Base.lproj/LaunchScreen.storyboard; sourceTree = "<group>"; };
		2B6D40141F2F6B1D00BC0C11 /* Info.plist */ = {isa = PBXFileReference; lastKnownFileType = text.plist.xml; path = Info.plist; sourceTree = "<group>"; };
		2B6D40191F2F6B1D00BC0C11 /* beachvolleyballTests.xctest */ = {isa = PBXFileReference; explicitFileType = wrapper.cfbundle; includeInIndex = 0; path = beachvolleyballTests.xctest; sourceTree = BUILT_PRODUCTS_DIR; };
		2B6D401D1F2F6B1D00BC0C11 /* beachvolleyballTests.swift */ = {isa = PBXFileReference; lastKnownFileType = sourcecode.swift; path = beachvolleyballTests.swift; sourceTree = "<group>"; };
		2B6D401F1F2F6B1D00BC0C11 /* Info.plist */ = {isa = PBXFileReference; lastKnownFileType = text.plist.xml; path = Info.plist; sourceTree = "<group>"; };
		2B6D40241F2F6B1D00BC0C11 /* beachvolleyballUITests.xctest */ = {isa = PBXFileReference; explicitFileType = wrapper.cfbundle; includeInIndex = 0; path = beachvolleyballUITests.xctest; sourceTree = BUILT_PRODUCTS_DIR; };
		2B6D40281F2F6B1D00BC0C11 /* beachvolleyballUITests.swift */ = {isa = PBXFileReference; lastKnownFileType = sourcecode.swift; path = beachvolleyballUITests.swift; sourceTree = "<group>"; };
		2B6D402A1F2F6B1D00BC0C11 /* Info.plist */ = {isa = PBXFileReference; lastKnownFileType = text.plist.xml; path = Info.plist; sourceTree = "<group>"; };
		2B6D402D1F2F6B1D00BC0C11 /* beachvolleyball WatchKit App.app */ = {isa = PBXFileReference; explicitFileType = wrapper.application; includeInIndex = 0; path = "beachvolleyball WatchKit App.app"; sourceTree = BUILT_PRODUCTS_DIR; };
		2B6D40331F2F6B1D00BC0C11 /* Base */ = {isa = PBXFileReference; lastKnownFileType = file.storyboard; name = Base; path = Base.lproj/Interface.storyboard; sourceTree = "<group>"; };
		2B6D40351F2F6B1D00BC0C11 /* Assets.xcassets */ = {isa = PBXFileReference; lastKnownFileType = folder.assetcatalog; path = Assets.xcassets; sourceTree = "<group>"; };
		2B6D40371F2F6B1D00BC0C11 /* Info.plist */ = {isa = PBXFileReference; lastKnownFileType = text.plist.xml; path = Info.plist; sourceTree = "<group>"; };
		2B6D403C1F2F6B1D00BC0C11 /* beachvolleyball WatchKit Extension.appex */ = {isa = PBXFileReference; explicitFileType = "wrapper.app-extension"; includeInIndex = 0; path = "beachvolleyball WatchKit Extension.appex"; sourceTree = BUILT_PRODUCTS_DIR; };
		2B6D40421F2F6B1D00BC0C11 /* PushNotificationPayload.apns */ = {isa = PBXFileReference; lastKnownFileType = text; path = PushNotificationPayload.apns; sourceTree = "<group>"; };
		2B6D40431F2F6B1D00BC0C11 /* InterfaceController.swift */ = {isa = PBXFileReference; lastKnownFileType = sourcecode.swift; path = InterfaceController.swift; sourceTree = "<group>"; };
		2B6D40451F2F6B1D00BC0C11 /* ExtensionDelegate.swift */ = {isa = PBXFileReference; lastKnownFileType = sourcecode.swift; path = ExtensionDelegate.swift; sourceTree = "<group>"; };
		2B6D40471F2F6B1D00BC0C11 /* NotificationController.swift */ = {isa = PBXFileReference; lastKnownFileType = sourcecode.swift; path = NotificationController.swift; sourceTree = "<group>"; };
		2B6D40491F2F6B1D00BC0C11 /* Assets.xcassets */ = {isa = PBXFileReference; lastKnownFileType = folder.assetcatalog; path = Assets.xcassets; sourceTree = "<group>"; };
		2B6D404B1F2F6B1D00BC0C11 /* Info.plist */ = {isa = PBXFileReference; lastKnownFileType = text.plist.xml; path = Info.plist; sourceTree = "<group>"; };
		2B6D40611F2FEE4800BC0C11 /* AppIcon.appiconset */ = {isa = PBXFileReference; lastKnownFileType = folder; path = AppIcon.appiconset; sourceTree = "<group>"; };
/* End PBXFileReference section */

/* Begin PBXFrameworksBuildPhase section */
		2B6D40021F2F6B1D00BC0C11 /* Frameworks */ = {
			isa = PBXFrameworksBuildPhase;
			buildActionMask = 2147483647;
			files = (
			);
			runOnlyForDeploymentPostprocessing = 0;
		};
		2B6D40161F2F6B1D00BC0C11 /* Frameworks */ = {
			isa = PBXFrameworksBuildPhase;
			buildActionMask = 2147483647;
			files = (
			);
			runOnlyForDeploymentPostprocessing = 0;
		};
		2B6D40211F2F6B1D00BC0C11 /* Frameworks */ = {
			isa = PBXFrameworksBuildPhase;
			buildActionMask = 2147483647;
			files = (
			);
			runOnlyForDeploymentPostprocessing = 0;
		};
		2B6D40391F2F6B1D00BC0C11 /* Frameworks */ = {
			isa = PBXFrameworksBuildPhase;
			buildActionMask = 2147483647;
			files = (
			);
			runOnlyForDeploymentPostprocessing = 0;
		};
/* End PBXFrameworksBuildPhase section */

/* Begin PBXGroup section */
		2B6D3FFC1F2F6B1D00BC0C11 = {
			isa = PBXGroup;
			children = (
				2B6D40071F2F6B1D00BC0C11 /* beachvolleyball */,
				2B6D401C1F2F6B1D00BC0C11 /* beachvolleyballTests */,
				2B6D40271F2F6B1D00BC0C11 /* beachvolleyballUITests */,
				2B6D40311F2F6B1D00BC0C11 /* beachvolleyball WatchKit App */,
				2B6D40401F2F6B1D00BC0C11 /* beachvolleyball WatchKit Extension */,
				2B6D40061F2F6B1D00BC0C11 /* Products */,
			);
			sourceTree = "<group>";
		};
		2B6D40061F2F6B1D00BC0C11 /* Products */ = {
			isa = PBXGroup;
			children = (
				2B6D40051F2F6B1D00BC0C11 /* beachvolleyball.app */,
				2B6D40191F2F6B1D00BC0C11 /* beachvolleyballTests.xctest */,
				2B6D40241F2F6B1D00BC0C11 /* beachvolleyballUITests.xctest */,
				2B6D402D1F2F6B1D00BC0C11 /* beachvolleyball WatchKit App.app */,
				2B6D403C1F2F6B1D00BC0C11 /* beachvolleyball WatchKit Extension.appex */,
			);
			name = Products;
			sourceTree = "<group>";
		};
		2B6D40071F2F6B1D00BC0C11 /* beachvolleyball */ = {
			isa = PBXGroup;
			children = (
				2B6D40081F2F6B1D00BC0C11 /* AppDelegate.swift */,
				2B6D400A1F2F6B1D00BC0C11 /* ViewController.swift */,
				2B6D400C1F2F6B1D00BC0C11 /* Main.storyboard */,
				2B6D400F1F2F6B1D00BC0C11 /* Assets.xcassets */,
				2B6D40111F2F6B1D00BC0C11 /* LaunchScreen.storyboard */,
				2B6D40141F2F6B1D00BC0C11 /* Info.plist */,
			);
			path = beachvolleyball;
			sourceTree = "<group>";
		};
		2B6D401C1F2F6B1D00BC0C11 /* beachvolleyballTests */ = {
			isa = PBXGroup;
			children = (
				2B6D401D1F2F6B1D00BC0C11 /* beachvolleyballTests.swift */,
				2B6D401F1F2F6B1D00BC0C11 /* Info.plist */,
			);
			path = beachvolleyballTests;
			sourceTree = "<group>";
		};
		2B6D40271F2F6B1D00BC0C11 /* beachvolleyballUITests */ = {
			isa = PBXGroup;
			children = (
				2B6D40281F2F6B1D00BC0C11 /* beachvolleyballUITests.swift */,
				2B6D402A1F2F6B1D00BC0C11 /* Info.plist */,
			);
			path = beachvolleyballUITests;
			sourceTree = "<group>";
		};
		2B6D40311F2F6B1D00BC0C11 /* beachvolleyball WatchKit App */ = {
			isa = PBXGroup;
			children = (
				2B6D40321F2F6B1D00BC0C11 /* Interface.storyboard */,
				2B6D40351F2F6B1D00BC0C11 /* Assets.xcassets */,
				2B6D40611F2FEE4800BC0C11 /* AppIcon.appiconset */,
				2B6D40371F2F6B1D00BC0C11 /* Info.plist */,
			);
			path = "beachvolleyball WatchKit App";
			sourceTree = "<group>";
		};
		2B6D40401F2F6B1D00BC0C11 /* beachvolleyball WatchKit Extension */ = {
			isa = PBXGroup;
			children = (
				2B6D40431F2F6B1D00BC0C11 /* InterfaceController.swift */,
				2B6D40451F2F6B1D00BC0C11 /* ExtensionDelegate.swift */,
				2B6D40471F2F6B1D00BC0C11 /* NotificationController.swift */,
				2B6D40491F2F6B1D00BC0C11 /* Assets.xcassets */,
				2B6D404B1F2F6B1D00BC0C11 /* Info.plist */,
				2B6D40411F2F6B1D00BC0C11 /* Supporting Files */,
			);
			path = "beachvolleyball WatchKit Extension";
			sourceTree = "<group>";
		};
		2B6D40411F2F6B1D00BC0C11 /* Supporting Files */ = {
			isa = PBXGroup;
			children = (
				2B6D40421F2F6B1D00BC0C11 /* PushNotificationPayload.apns */,
			);
			name = "Supporting Files";
			sourceTree = "<group>";
		};
/* End PBXGroup section */

/* Begin PBXNativeTarget section */
		2B6D40041F2F6B1D00BC0C11 /* beachvolleyball */ = {
			isa = PBXNativeTarget;
			buildConfigurationList = 2B6D40561F2F6B1D00BC0C11 /* Build configuration list for PBXNativeTarget "beachvolleyball" */;
			buildPhases = (
				2B6D40011F2F6B1D00BC0C11 /* Sources */,
				2B6D40021F2F6B1D00BC0C11 /* Frameworks */,
				2B6D40031F2F6B1D00BC0C11 /* Resources */,
				2B6D40551F2F6B1D00BC0C11 /* Embed Watch Content */,
			);
			buildRules = (
			);
			dependencies = (
				2B6D40301F2F6B1D00BC0C11 /* PBXTargetDependency */,
			);
			name = beachvolleyball;
			productName = beachvolleyball;
			productReference = 2B6D40051F2F6B1D00BC0C11 /* beachvolleyball.app */;
			productType = "com.apple.product-type.application";
		};
		2B6D40181F2F6B1D00BC0C11 /* beachvolleyballTests */ = {
			isa = PBXNativeTarget;
			buildConfigurationList = 2B6D40591F2F6B1D00BC0C11 /* Build configuration list for PBXNativeTarget "beachvolleyballTests" */;
			buildPhases = (
				2B6D40151F2F6B1D00BC0C11 /* Sources */,
				2B6D40161F2F6B1D00BC0C11 /* Frameworks */,
				2B6D40171F2F6B1D00BC0C11 /* Resources */,
			);
			buildRules = (
			);
			dependencies = (
				2B6D401B1F2F6B1D00BC0C11 /* PBXTargetDependency */,
			);
			name = beachvolleyballTests;
			productName = beachvolleyballTests;
			productReference = 2B6D40191F2F6B1D00BC0C11 /* beachvolleyballTests.xctest */;
			productType = "com.apple.product-type.bundle.unit-test";
		};
		2B6D40231F2F6B1D00BC0C11 /* beachvolleyballUITests */ = {
			isa = PBXNativeTarget;
			buildConfigurationList = 2B6D405C1F2F6B1D00BC0C11 /* Build configuration list for PBXNativeTarget "beachvolleyballUITests" */;
			buildPhases = (
				2B6D40201F2F6B1D00BC0C11 /* Sources */,
				2B6D40211F2F6B1D00BC0C11 /* Frameworks */,
				2B6D40221F2F6B1D00BC0C11 /* Resources */,
			);
			buildRules = (
			);
			dependencies = (
				2B6D40261F2F6B1D00BC0C11 /* PBXTargetDependency */,
			);
			name = beachvolleyballUITests;
			productName = beachvolleyballUITests;
			productReference = 2B6D40241F2F6B1D00BC0C11 /* beachvolleyballUITests.xctest */;
			productType = "com.apple.product-type.bundle.ui-testing";
		};
		2B6D402C1F2F6B1D00BC0C11 /* beachvolleyball WatchKit App */ = {
			isa = PBXNativeTarget;
			buildConfigurationList = 2B6D40521F2F6B1D00BC0C11 /* Build configuration list for PBXNativeTarget "beachvolleyball WatchKit App" */;
			buildPhases = (
				2B6D402B1F2F6B1D00BC0C11 /* Resources */,
				2B6D40511F2F6B1D00BC0C11 /* Embed App Extensions */,
			);
			buildRules = (
			);
			dependencies = (
				2B6D403F1F2F6B1D00BC0C11 /* PBXTargetDependency */,
			);
			name = "beachvolleyball WatchKit App";
			productName = "beachvolleyball WatchKit App";
			productReference = 2B6D402D1F2F6B1D00BC0C11 /* beachvolleyball WatchKit App.app */;
			productType = "com.apple.product-type.application.watchapp2";
		};
		2B6D403B1F2F6B1D00BC0C11 /* beachvolleyball WatchKit Extension */ = {
			isa = PBXNativeTarget;
			buildConfigurationList = 2B6D404E1F2F6B1D00BC0C11 /* Build configuration list for PBXNativeTarget "beachvolleyball WatchKit Extension" */;
			buildPhases = (
				2B6D40381F2F6B1D00BC0C11 /* Sources */,
				2B6D40391F2F6B1D00BC0C11 /* Frameworks */,
				2B6D403A1F2F6B1D00BC0C11 /* Resources */,
			);
			buildRules = (
			);
			dependencies = (
			);
			name = "beachvolleyball WatchKit Extension";
			productName = "beachvolleyball WatchKit Extension";
			productReference = 2B6D403C1F2F6B1D00BC0C11 /* beachvolleyball WatchKit Extension.appex */;
			productType = "com.apple.product-type.watchkit2-extension";
		};
/* End PBXNativeTarget section */

/* Begin PBXProject section */
		2B6D3FFD1F2F6B1D00BC0C11 /* Project object */ = {
			isa = PBXProject;
			attributes = {
				LastSwiftUpdateCheck = 0830;
				LastUpgradeCheck = 0830;
				ORGANIZATIONNAME = "Nicolai Erbs";
				TargetAttributes = {
					2B6D40041F2F6B1D00BC0C11 = {
						CreatedOnToolsVersion = 8.3.3;
						DevelopmentTeam = TRC6AS439C;
						ProvisioningStyle = Automatic;
					};
					2B6D40181F2F6B1D00BC0C11 = {
						CreatedOnToolsVersion = 8.3.3;
						DevelopmentTeam = TRC6AS439C;
						ProvisioningStyle = Automatic;
						TestTargetID = 2B6D40041F2F6B1D00BC0C11;
					};
					2B6D40231F2F6B1D00BC0C11 = {
						CreatedOnToolsVersion = 8.3.3;
						DevelopmentTeam = TRC6AS439C;
						ProvisioningStyle = Automatic;
						TestTargetID = 2B6D40041F2F6B1D00BC0C11;
					};
					2B6D402C1F2F6B1D00BC0C11 = {
						CreatedOnToolsVersion = 8.3.3;
						DevelopmentTeam = TRC6AS439C;
						ProvisioningStyle = Automatic;
					};
					2B6D403B1F2F6B1D00BC0C11 = {
						CreatedOnToolsVersion = 8.3.3;
						DevelopmentTeam = TRC6AS439C;
						ProvisioningStyle = Automatic;
					};
				};
			};
			buildConfigurationList = 2B6D40001F2F6B1D00BC0C11 /* Build configuration list for PBXProject "beachvolleyball" */;
			compatibilityVersion = "Xcode 3.2";
			developmentRegion = English;
			hasScannedForEncodings = 0;
			knownRegions = (
				en,
				Base,
			);
			mainGroup = 2B6D3FFC1F2F6B1D00BC0C11;
			productRefGroup = 2B6D40061F2F6B1D00BC0C11 /* Products */;
			projectDirPath = "";
			projectRoot = "";
			targets = (
				2B6D40041F2F6B1D00BC0C11 /* beachvolleyball */,
				2B6D40181F2F6B1D00BC0C11 /* beachvolleyballTests */,
				2B6D40231F2F6B1D00BC0C11 /* beachvolleyballUITests */,
				2B6D402C1F2F6B1D00BC0C11 /* beachvolleyball WatchKit App */,
				2B6D403B1F2F6B1D00BC0C11 /* beachvolleyball WatchKit Extension */,
			);
		};
/* End PBXProject section */

/* Begin PBXResourcesBuildPhase section */
		2B6D40031F2F6B1D00BC0C11 /* Resources */ = {
			isa = PBXResourcesBuildPhase;
			buildActionMask = 2147483647;
			files = (
				2B6D40131F2F6B1D00BC0C11 /* LaunchScreen.storyboard in Resources */,
				2B6D40101F2F6B1D00BC0C11 /* Assets.xcassets in Resources */,
				2B6D400E1F2F6B1D00BC0C11 /* Main.storyboard in Resources */,
			);
			runOnlyForDeploymentPostprocessing = 0;
		};
		2B6D40171F2F6B1D00BC0C11 /* Resources */ = {
			isa = PBXResourcesBuildPhase;
			buildActionMask = 2147483647;
			files = (
			);
			runOnlyForDeploymentPostprocessing = 0;
		};
		2B6D40221F2F6B1D00BC0C11 /* Resources */ = {
			isa = PBXResourcesBuildPhase;
			buildActionMask = 2147483647;
			files = (
			);
			runOnlyForDeploymentPostprocessing = 0;
		};
		2B6D402B1F2F6B1D00BC0C11 /* Resources */ = {
			isa = PBXResourcesBuildPhase;
			buildActionMask = 2147483647;
			files = (
				2B6D40361F2F6B1D00BC0C11 /* Assets.xcassets in Resources */,
				2B6D40621F2FEE4800BC0C11 /* AppIcon.appiconset in Resources */,
				2B6D40341F2F6B1D00BC0C11 /* Interface.storyboard in Resources */,
			);
			runOnlyForDeploymentPostprocessing = 0;
		};
		2B6D403A1F2F6B1D00BC0C11 /* Resources */ = {
			isa = PBXResourcesBuildPhase;
			buildActionMask = 2147483647;
			files = (
				2B6D404A1F2F6B1D00BC0C11 /* Assets.xcassets in Resources */,
			);
			runOnlyForDeploymentPostprocessing = 0;
		};
/* End PBXResourcesBuildPhase section */

/* Begin PBXSourcesBuildPhase section */
		2B6D40011F2F6B1D00BC0C11 /* Sources */ = {
			isa = PBXSourcesBuildPhase;
			buildActionMask = 2147483647;
			files = (
				2B6D400B1F2F6B1D00BC0C11 /* ViewController.swift in Sources */,
				2B6D40091F2F6B1D00BC0C11 /* AppDelegate.swift in Sources */,
			);
			runOnlyForDeploymentPostprocessing = 0;
		};
		2B6D40151F2F6B1D00BC0C11 /* Sources */ = {
			isa = PBXSourcesBuildPhase;
			buildActionMask = 2147483647;
			files = (
				2B6D401E1F2F6B1D00BC0C11 /* beachvolleyballTests.swift in Sources */,
			);
			runOnlyForDeploymentPostprocessing = 0;
		};
		2B6D40201F2F6B1D00BC0C11 /* Sources */ = {
			isa = PBXSourcesBuildPhase;
			buildActionMask = 2147483647;
			files = (
				2B6D40291F2F6B1D00BC0C11 /* beachvolleyballUITests.swift in Sources */,
			);
			runOnlyForDeploymentPostprocessing = 0;
		};
		2B6D40381F2F6B1D00BC0C11 /* Sources */ = {
			isa = PBXSourcesBuildPhase;
			buildActionMask = 2147483647;
			files = (
				2B6D40481F2F6B1D00BC0C11 /* NotificationController.swift in Sources */,
				2B6D40461F2F6B1D00BC0C11 /* ExtensionDelegate.swift in Sources */,
				2B6D40441F2F6B1D00BC0C11 /* InterfaceController.swift in Sources */,
			);
			runOnlyForDeploymentPostprocessing = 0;
		};
/* End PBXSourcesBuildPhase section */

/* Begin PBXTargetDependency section */
		2B6D401B1F2F6B1D00BC0C11 /* PBXTargetDependency */ = {
			isa = PBXTargetDependency;
			target = 2B6D40041F2F6B1D00BC0C11 /* beachvolleyball */;
			targetProxy = 2B6D401A1F2F6B1D00BC0C11 /* PBXContainerItemProxy */;
		};
		2B6D40261F2F6B1D00BC0C11 /* PBXTargetDependency */ = {
			isa = PBXTargetDependency;
			target = 2B6D40041F2F6B1D00BC0C11 /* beachvolleyball */;
			targetProxy = 2B6D40251F2F6B1D00BC0C11 /* PBXContainerItemProxy */;
		};
		2B6D40301F2F6B1D00BC0C11 /* PBXTargetDependency */ = {
			isa = PBXTargetDependency;
			target = 2B6D402C1F2F6B1D00BC0C11 /* beachvolleyball WatchKit App */;
			targetProxy = 2B6D402F1F2F6B1D00BC0C11 /* PBXContainerItemProxy */;
		};
		2B6D403F1F2F6B1D00BC0C11 /* PBXTargetDependency */ = {
			isa = PBXTargetDependency;
			target = 2B6D403B1F2F6B1D00BC0C11 /* beachvolleyball WatchKit Extension */;
			targetProxy = 2B6D403E1F2F6B1D00BC0C11 /* PBXContainerItemProxy */;
		};
/* End PBXTargetDependency section */

/* Begin PBXVariantGroup section */
		2B6D400C1F2F6B1D00BC0C11 /* Main.storyboard */ = {
			isa = PBXVariantGroup;
			children = (
				2B6D400D1F2F6B1D00BC0C11 /* Base */,
			);
			name = Main.storyboard;
			sourceTree = "<group>";
		};
		2B6D40111F2F6B1D00BC0C11 /* LaunchScreen.storyboard */ = {
			isa = PBXVariantGroup;
			children = (
				2B6D40121F2F6B1D00BC0C11 /* Base */,
			);
			name = LaunchScreen.storyboard;
			sourceTree = "<group>";
		};
		2B6D40321F2F6B1D00BC0C11 /* Interface.storyboard */ = {
			isa = PBXVariantGroup;
			children = (
				2B6D40331F2F6B1D00BC0C11 /* Base */,
			);
			name = Interface.storyboard;
			sourceTree = "<group>";
		};
/* End PBXVariantGroup section */

/* Begin XCBuildConfiguration section */
		2B6D404C1F2F6B1D00BC0C11 /* Debug */ = {
			isa = XCBuildConfiguration;
			buildSettings = {
				ALWAYS_SEARCH_USER_PATHS = NO;
				CLANG_ANALYZER_NONNULL = YES;
				CLANG_ANALYZER_NUMBER_OBJECT_CONVERSION = YES_AGGRESSIVE;
				CLANG_CXX_LANGUAGE_STANDARD = "gnu++0x";
				CLANG_CXX_LIBRARY = "libc++";
				CLANG_ENABLE_MODULES = YES;
				CLANG_ENABLE_OBJC_ARC = YES;
				CLANG_WARN_BOOL_CONVERSION = YES;
				CLANG_WARN_CONSTANT_CONVERSION = YES;
				CLANG_WARN_DIRECT_OBJC_ISA_USAGE = YES_ERROR;
				CLANG_WARN_DOCUMENTATION_COMMENTS = YES;
				CLANG_WARN_EMPTY_BODY = YES;
				CLANG_WARN_ENUM_CONVERSION = YES;
				CLANG_WARN_INFINITE_RECURSION = YES;
				CLANG_WARN_INT_CONVERSION = YES;
				CLANG_WARN_OBJC_ROOT_CLASS = YES_ERROR;
				CLANG_WARN_SUSPICIOUS_MOVE = YES;
				CLANG_WARN_UNREACHABLE_CODE = YES;
				CLANG_WARN__DUPLICATE_METHOD_MATCH = YES;
				"CODE_SIGN_IDENTITY[sdk=iphoneos*]" = "iPhone Developer";
				COPY_PHASE_STRIP = NO;
				DEBUG_INFORMATION_FORMAT = dwarf;
				ENABLE_STRICT_OBJC_MSGSEND = YES;
				ENABLE_TESTABILITY = YES;
				GCC_C_LANGUAGE_STANDARD = gnu99;
				GCC_DYNAMIC_NO_PIC = NO;
				GCC_NO_COMMON_BLOCKS = YES;
				GCC_OPTIMIZATION_LEVEL = 0;
				GCC_PREPROCESSOR_DEFINITIONS = (
					"DEBUG=1",
					"$(inherited)",
				);
				GCC_WARN_64_TO_32_BIT_CONVERSION = YES;
				GCC_WARN_ABOUT_RETURN_TYPE = YES_ERROR;
				GCC_WARN_UNDECLARED_SELECTOR = YES;
				GCC_WARN_UNINITIALIZED_AUTOS = YES_AGGRESSIVE;
				GCC_WARN_UNUSED_FUNCTION = YES;
				GCC_WARN_UNUSED_VARIABLE = YES;
				IPHONEOS_DEPLOYMENT_TARGET = 10.3;
				MTL_ENABLE_DEBUG_INFO = YES;
				ONLY_ACTIVE_ARCH = YES;
				SDKROOT = iphoneos;
				SWIFT_ACTIVE_COMPILATION_CONDITIONS = DEBUG;
				SWIFT_OPTIMIZATION_LEVEL = "-Onone";
				TARGETED_DEVICE_FAMILY = "1,2";
			};
			name = Debug;
		};
		2B6D404D1F2F6B1D00BC0C11 /* Release */ = {
			isa = XCBuildConfiguration;
			buildSettings = {
				ALWAYS_SEARCH_USER_PATHS = NO;
				CLANG_ANALYZER_NONNULL = YES;
				CLANG_ANALYZER_NUMBER_OBJECT_CONVERSION = YES_AGGRESSIVE;
				CLANG_CXX_LANGUAGE_STANDARD = "gnu++0x";
				CLANG_CXX_LIBRARY = "libc++";
				CLANG_ENABLE_MODULES = YES;
				CLANG_ENABLE_OBJC_ARC = YES;
				CLANG_WARN_BOOL_CONVERSION = YES;
				CLANG_WARN_CONSTANT_CONVERSION = YES;
				CLANG_WARN_DIRECT_OBJC_ISA_USAGE = YES_ERROR;
				CLANG_WARN_DOCUMENTATION_COMMENTS = YES;
				CLANG_WARN_EMPTY_BODY = YES;
				CLANG_WARN_ENUM_CONVERSION = YES;
				CLANG_WARN_INFINITE_RECURSION = YES;
				CLANG_WARN_INT_CONVERSION = YES;
				CLANG_WARN_OBJC_ROOT_CLASS = YES_ERROR;
				CLANG_WARN_SUSPICIOUS_MOVE = YES;
				CLANG_WARN_UNREACHABLE_CODE = YES;
				CLANG_WARN__DUPLICATE_METHOD_MATCH = YES;
				"CODE_SIGN_IDENTITY[sdk=iphoneos*]" = "iPhone Developer";
				COPY_PHASE_STRIP = NO;
				DEBUG_INFORMATION_FORMAT = "dwarf-with-dsym";
				ENABLE_NS_ASSERTIONS = NO;
				ENABLE_STRICT_OBJC_MSGSEND = YES;
				GCC_C_LANGUAGE_STANDARD = gnu99;
				GCC_NO_COMMON_BLOCKS = YES;
				GCC_WARN_64_TO_32_BIT_CONVERSION = YES;
				GCC_WARN_ABOUT_RETURN_TYPE = YES_ERROR;
				GCC_WARN_UNDECLARED_SELECTOR = YES;
				GCC_WARN_UNINITIALIZED_AUTOS = YES_AGGRESSIVE;
				GCC_WARN_UNUSED_FUNCTION = YES;
				GCC_WARN_UNUSED_VARIABLE = YES;
				IPHONEOS_DEPLOYMENT_TARGET = 10.3;
				MTL_ENABLE_DEBUG_INFO = NO;
				SDKROOT = iphoneos;
				SWIFT_OPTIMIZATION_LEVEL = "-Owholemodule";
				TARGETED_DEVICE_FAMILY = "1,2";
				VALIDATE_PRODUCT = YES;
			};
			name = Release;
		};
		2B6D404F1F2F6B1D00BC0C11 /* Debug */ = {
			isa = XCBuildConfiguration;
			buildSettings = {
				ASSETCATALOG_COMPILER_COMPLICATION_NAME = Complication;
				DEVELOPMENT_TEAM = TRC6AS439C;
				INFOPLIST_FILE = "beachvolleyball WatchKit Extension/Info.plist";
				LD_RUNPATH_SEARCH_PATHS = "$(inherited) @executable_path/Frameworks @executable_path/../../Frameworks";
				PRODUCT_BUNDLE_IDENTIFIER = eu.erbs.beachvolleyball.watchkitapp.watchkitextension;
				PRODUCT_NAME = "${TARGET_NAME}";
				SDKROOT = watchos;
				SKIP_INSTALL = YES;
				SWIFT_VERSION = 3.0;
				TARGETED_DEVICE_FAMILY = 4;
				WATCHOS_DEPLOYMENT_TARGET = 3.2;
			};
			name = Debug;
		};
		2B6D40501F2F6B1D00BC0C11 /* Release */ = {
			isa = XCBuildConfiguration;
			buildSettings = {
				ASSETCATALOG_COMPILER_COMPLICATION_NAME = Complication;
				DEVELOPMENT_TEAM = TRC6AS439C;
				INFOPLIST_FILE = "beachvolleyball WatchKit Extension/Info.plist";
				LD_RUNPATH_SEARCH_PATHS = "$(inherited) @executable_path/Frameworks @executable_path/../../Frameworks";
				PRODUCT_BUNDLE_IDENTIFIER = eu.erbs.beachvolleyball.watchkitapp.watchkitextension;
				PRODUCT_NAME = "${TARGET_NAME}";
				SDKROOT = watchos;
				SKIP_INSTALL = YES;
				SWIFT_VERSION = 3.0;
				TARGETED_DEVICE_FAMILY = 4;
				WATCHOS_DEPLOYMENT_TARGET = 3.2;
			};
			name = Release;
		};
		2B6D40531F2F6B1D00BC0C11 /* Debug */ = {
			isa = XCBuildConfiguration;
			buildSettings = {
				ALWAYS_EMBED_SWIFT_STANDARD_LIBRARIES = YES;
				ASSETCATALOG_COMPILER_APPICON_NAME = AppIcon;
				DEVELOPMENT_TEAM = TRC6AS439C;
				IBSC_MODULE = beachvolleyball_WatchKit_Extension;
				INFOPLIST_FILE = "beachvolleyball WatchKit App/Info.plist";
				PRODUCT_BUNDLE_IDENTIFIER = eu.erbs.beachvolleyball.watchkitapp;
				PRODUCT_NAME = "$(TARGET_NAME)";
				SDKROOT = watchos;
				SKIP_INSTALL = YES;
				SWIFT_VERSION = 3.0;
				TARGETED_DEVICE_FAMILY = 4;
				WATCHOS_DEPLOYMENT_TARGET = 3.2;
			};
			name = Debug;
		};
		2B6D40541F2F6B1D00BC0C11 /* Release */ = {
			isa = XCBuildConfiguration;
			buildSettings = {
				ALWAYS_EMBED_SWIFT_STANDARD_LIBRARIES = YES;
				ASSETCATALOG_COMPILER_APPICON_NAME = AppIcon;
				DEVELOPMENT_TEAM = TRC6AS439C;
				IBSC_MODULE = beachvolleyball_WatchKit_Extension;
				INFOPLIST_FILE = "beachvolleyball WatchKit App/Info.plist";
				PRODUCT_BUNDLE_IDENTIFIER = eu.erbs.beachvolleyball.watchkitapp;
				PRODUCT_NAME = "$(TARGET_NAME)";
				SDKROOT = watchos;
				SKIP_INSTALL = YES;
				SWIFT_VERSION = 3.0;
				TARGETED_DEVICE_FAMILY = 4;
				WATCHOS_DEPLOYMENT_TARGET = 3.2;
			};
			name = Release;
		};
		2B6D40571F2F6B1D00BC0C11 /* Debug */ = {
			isa = XCBuildConfiguration;
			buildSettings = {
				ASSETCATALOG_COMPILER_APPICON_NAME = AppIcon;
				DEVELOPMENT_TEAM = TRC6AS439C;
				INFOPLIST_FILE = beachvolleyball/Info.plist;
				LD_RUNPATH_SEARCH_PATHS = "$(inherited) @executable_path/Frameworks";
				PRODUCT_BUNDLE_IDENTIFIER = eu.erbs.beachvolleyball;
				PRODUCT_NAME = "$(TARGET_NAME)";
				SWIFT_VERSION = 3.0;
			};
			name = Debug;
		};
		2B6D40581F2F6B1D00BC0C11 /* Release */ = {
			isa = XCBuildConfiguration;
			buildSettings = {
				ASSETCATALOG_COMPILER_APPICON_NAME = AppIcon;
				DEVELOPMENT_TEAM = TRC6AS439C;
				INFOPLIST_FILE = beachvolleyball/Info.plist;
				LD_RUNPATH_SEARCH_PATHS = "$(inherited) @executable_path/Frameworks";
				PRODUCT_BUNDLE_IDENTIFIER = eu.erbs.beachvolleyball;
				PRODUCT_NAME = "$(TARGET_NAME)";
				SWIFT_VERSION = 3.0;
			};
			name = Release;
		};
		2B6D405A1F2F6B1D00BC0C11 /* Debug */ = {
			isa = XCBuildConfiguration;
			buildSettings = {
				ALWAYS_EMBED_SWIFT_STANDARD_LIBRARIES = YES;
				BUNDLE_LOADER = "$(TEST_HOST)";
				DEVELOPMENT_TEAM = TRC6AS439C;
				INFOPLIST_FILE = beachvolleyballTests/Info.plist;
				LD_RUNPATH_SEARCH_PATHS = "$(inherited) @executable_path/Frameworks @loader_path/Frameworks";
				PRODUCT_BUNDLE_IDENTIFIER = eu.erbs.beachvolleyballTests;
				PRODUCT_NAME = "$(TARGET_NAME)";
				SWIFT_VERSION = 3.0;
				TEST_HOST = "$(BUILT_PRODUCTS_DIR)/beachvolleyball.app/beachvolleyball";
			};
			name = Debug;
		};
		2B6D405B1F2F6B1D00BC0C11 /* Release */ = {
			isa = XCBuildConfiguration;
			buildSettings = {
				ALWAYS_EMBED_SWIFT_STANDARD_LIBRARIES = YES;
				BUNDLE_LOADER = "$(TEST_HOST)";
				DEVELOPMENT_TEAM = TRC6AS439C;
				INFOPLIST_FILE = beachvolleyballTests/Info.plist;
				LD_RUNPATH_SEARCH_PATHS = "$(inherited) @executable_path/Frameworks @loader_path/Frameworks";
				PRODUCT_BUNDLE_IDENTIFIER = eu.erbs.beachvolleyballTests;
				PRODUCT_NAME = "$(TARGET_NAME)";
				SWIFT_VERSION = 3.0;
				TEST_HOST = "$(BUILT_PRODUCTS_DIR)/beachvolleyball.app/beachvolleyball";
			};
			name = Release;
		};
		2B6D405D1F2F6B1D00BC0C11 /* Debug */ = {
			isa = XCBuildConfiguration;
			buildSettings = {
				ALWAYS_EMBED_SWIFT_STANDARD_LIBRARIES = YES;
				DEVELOPMENT_TEAM = TRC6AS439C;
				INFOPLIST_FILE = beachvolleyballUITests/Info.plist;
				LD_RUNPATH_SEARCH_PATHS = "$(inherited) @executable_path/Frameworks @loader_path/Frameworks";
				PRODUCT_BUNDLE_IDENTIFIER = eu.erbs.beachvolleyballUITests;
				PRODUCT_NAME = "$(TARGET_NAME)";
				SWIFT_VERSION = 3.0;
				TEST_TARGET_NAME = beachvolleyball;
			};
			name = Debug;
		};
		2B6D405E1F2F6B1D00BC0C11 /* Release */ = {
			isa = XCBuildConfiguration;
			buildSettings = {
				ALWAYS_EMBED_SWIFT_STANDARD_LIBRARIES = YES;
				DEVELOPMENT_TEAM = TRC6AS439C;
				INFOPLIST_FILE = beachvolleyballUITests/Info.plist;
				LD_RUNPATH_SEARCH_PATHS = "$(inherited) @executable_path/Frameworks @loader_path/Frameworks";
				PRODUCT_BUNDLE_IDENTIFIER = eu.erbs.beachvolleyballUITests;
				PRODUCT_NAME = "$(TARGET_NAME)";
				SWIFT_VERSION = 3.0;
				TEST_TARGET_NAME = beachvolleyball;
			};
			name = Release;
		};
/* End XCBuildConfiguration section */

/* Begin XCConfigurationList section */
		2B6D40001F2F6B1D00BC0C11 /* Build configuration list for PBXProject "beachvolleyball" */ = {
			isa = XCConfigurationList;
			buildConfigurations = (
				2B6D404C1F2F6B1D00BC0C11 /* Debug */,
				2B6D404D1F2F6B1D00BC0C11 /* Release */,
			);
			defaultConfigurationIsVisible = 0;
			defaultConfigurationName = Release;
		};
		2B6D404E1F2F6B1D00BC0C11 /* Build configuration list for PBXNativeTarget "beachvolleyball WatchKit Extension" */ = {
			isa = XCConfigurationList;
			buildConfigurations = (
				2B6D404F1F2F6B1D00BC0C11 /* Debug */,
				2B6D40501F2F6B1D00BC0C11 /* Release */,
			);
			defaultConfigurationIsVisible = 0;
		};
		2B6D40521F2F6B1D00BC0C11 /* Build configuration list for PBXNativeTarget "beachvolleyball WatchKit App" */ = {
			isa = XCConfigurationList;
			buildConfigurations = (
				2B6D40531F2F6B1D00BC0C11 /* Debug */,
				2B6D40541F2F6B1D00BC0C11 /* Release */,
			);
			defaultConfigurationIsVisible = 0;
		};
		2B6D40561F2F6B1D00BC0C11 /* Build configuration list for PBXNativeTarget "beachvolleyball" */ = {
			isa = XCConfigurationList;
			buildConfigurations = (
				2B6D40571F2F6B1D00BC0C11 /* Debug */,
				2B6D40581F2F6B1D00BC0C11 /* Release */,
			);
			defaultConfigurationIsVisible = 0;
		};
		2B6D40591F2F6B1D00BC0C11 /* Build configuration list for PBXNativeTarget "beachvolleyballTests" */ = {
			isa = XCConfigurationList;
			buildConfigurations = (
				2B6D405A1F2F6B1D00BC0C11 /* Debug */,
				2B6D405B1F2F6B1D00BC0C11 /* Release */,
			);
			defaultConfigurationIsVisible = 0;
		};
		2B6D405C1F2F6B1D00BC0C11 /* Build configuration list for PBXNativeTarget "beachvolleyballUITests" */ = {
			isa = XCConfigurationList;
			buildConfigurations = (
				2B6D405D1F2F6B1D00BC0C11 /* Debug */,
				2B6D405E1F2F6B1D00BC0C11 /* Release */,
			);
			defaultConfigurationIsVisible = 0;
		};
/* End XCConfigurationList section */
	};
	rootObject = 2B6D3FFD1F2F6B1D00BC0C11 /* Project object */;
}
